{
    "_readme": [
        "This file locks the dependencies of your project to a known state",
        "Read more about it at https://getcomposer.org/doc/01-basic-usage.md#installing-dependencies",
        "This file is @generated automatically"
    ],
    "content-hash": "88ba191e17d5e1be7ab5646c7afe6e95",
    "packages": [
        {
            "name": "laravel/pint",
            "version": "v1.10.6",
            "source": {
                "type": "git",
                "url": "https://github.com/laravel/pint.git",
                "reference": "d1915b6ecc6406c00472c6b9ae75b46aa153bbb2"
            },
            "dist": {
                "type": "zip",
                "url": "https://api.github.com/repos/laravel/pint/zipball/d1915b6ecc6406c00472c6b9ae75b46aa153bbb2",
                "reference": "d1915b6ecc6406c00472c6b9ae75b46aa153bbb2",
                "shasum": ""
            },
            "require": {
                "ext-json": "*",
                "ext-mbstring": "*",
                "ext-tokenizer": "*",
                "ext-xml": "*",
                "php": "^8.1.0"
            },
            "require-dev": {
                "friendsofphp/php-cs-fixer": "^3.21.1",
                "illuminate/view": "^10.5.1",
                "laravel-zero/framework": "^10.1.1",
                "mockery/mockery": "^1.5.1",
                "nunomaduro/larastan": "^2.5.1",
                "nunomaduro/termwind": "^1.15.1",
                "pestphp/pest": "^2.4.0"
            },
            "bin": [
                "builds/pint"
            ],
            "type": "project",
            "autoload": {
                "psr-4": {
                    "App\\": "app/",
                    "Database\\Seeders\\": "database/seeders/",
                    "Database\\Factories\\": "database/factories/"
                }
            },
            "notification-url": "https://packagist.org/downloads/",
            "license": [
                "MIT"
            ],
            "authors": [
                {
                    "name": "Nuno Maduro",
                    "email": "enunomaduro@gmail.com"
                }
            ],
            "description": "An opinionated code formatter for PHP.",
            "homepage": "https://laravel.com",
            "keywords": [
                "format",
                "formatter",
                "lint",
                "linter",
                "php"
            ],
            "support": {
                "issues": "https://github.com/laravel/pint/issues",
                "source": "https://github.com/laravel/pint"
            },
            "time": "2023-08-08T15:17:16+00:00"
        }
    ],
    "packages-dev": [
        {
            "name": "phpgl/ide-stubs",
            "version": "v1.0.3",
            "source": {
                "type": "git",
                "url": "https://github.com/phpgl/ide-stubs.git",
                "reference": "fb64b20209db3bae6d05a3f748c99b2e6fc7ca52"
            },
            "dist": {
                "type": "zip",
                "url": "https://api.github.com/repos/phpgl/ide-stubs/zipball/fb64b20209db3bae6d05a3f748c99b2e6fc7ca52",
                "reference": "fb64b20209db3bae6d05a3f748c99b2e6fc7ca52",
                "shasum": ""
            },
            "require": {
                "php": ">=8.0"
            },
            "type": "library",
            "notification-url": "https://packagist.org/downloads/",
            "license": [
                "MIT",
                "Apache-2.0"
            ],
            "authors": [
                {
                    "name": "Mario Döring",
                    "homepage": "https://github.com/mario-deluna"
                },
                {
                    "name": "Contributors",
                    "homepage": "https://github.com/phpgl/ide-stubs/graphs/contributors"
                }
            ],
            "description": "IDE Stubs for PHP-GLFW / OpenGL. (PHPStorm, VSCode, etc.)",
            "homepage": "https://phpgl.net",
            "keywords": [
                "3d",
                "Rendering",
                "autocomplete",
                "glfw",
                "opengl",
                "php-glfw",
                "phpstorm"
            ],
            "support": {
                "issues": "https://github.com/phpgl/ide-stubs/issues",
                "source": "https://github.com/phpgl/ide-stubs/tree/v1.0.3"
            },
            "time": "2022-09-17T23:04:49+00:00"
        },
        {
            "name": "phpstan/phpstan",
            "version": "1.10.29",
            "source": {
                "type": "git",
                "url": "https://github.com/phpstan/phpstan.git",
                "reference": "ee5d8f2d3977fb09e55603eee6fb53bdd76ee9c1"
            },
            "dist": {
                "type": "zip",
                "url": "https://api.github.com/repos/phpstan/phpstan/zipball/ee5d8f2d3977fb09e55603eee6fb53bdd76ee9c1",
                "reference": "ee5d8f2d3977fb09e55603eee6fb53bdd76ee9c1",
                "shasum": ""
            },
            "require": {
                "php": "^7.2|^8.0"
            },
            "conflict": {
                "phpstan/phpstan-shim": "*"
            },
            "bin": [
                "phpstan",
                "phpstan.phar"
            ],
            "type": "library",
            "autoload": {
                "files": [
                    "bootstrap.php"
                ]
            },
            "notification-url": "https://packagist.org/downloads/",
            "license": [
                "MIT"
            ],
            "description": "PHPStan - PHP Static Analysis Tool",
            "keywords": [
                "dev",
                "static analysis"
            ],
            "support": {
                "docs": "https://phpstan.org/user-guide/getting-started",
                "forum": "https://github.com/phpstan/phpstan/discussions",
                "issues": "https://github.com/phpstan/phpstan/issues",
                "security": "https://github.com/phpstan/phpstan/security/policy",
                "source": "https://github.com/phpstan/phpstan-src"
            },
            "funding": [
                {
                    "url": "https://github.com/ondrejmirtes",
                    "type": "github"
                },
                {
                    "url": "https://github.com/phpstan",
                    "type": "github"
                },
                {
                    "url": "https://tidelift.com/funding/github/packagist/phpstan/phpstan",
                    "type": "tidelift"
                }
            ],
            "time": "2023-08-14T13:24:11+00:00"
        }
    ],
    "aliases": [],
    "minimum-stability": "stable",
    "stability-flags": [],
    "prefer-stable": false,
    "prefer-lowest": false,
    "platform": {
        "php": "^8.1",
        "ext-glfw": "*"
    },
    "platform-dev": [],
    "plugin-api-version": "2.3.0"
}
